
Microsoft Visual Studio Solution File, Format Version 12.00
# Visual Studio Version 17
VisualStudioVersion = 17.4.33213.308
MinimumVisualStudioVersion = 10.0.40219.1
Project("{FAE04EC0-301F-11D3-BF4B-00C04F79EFBC}") = "VMovie", "VMovie\VMovie.csproj", "{578E6796-E556-47E7-B792-6127132C45F2}"
EndProject
Global
	GlobalSection(SolutionConfigurationPlatforms) = preSolution
		Debug|Any CPU = Debug|Any CPU
		Release|Any CPU = Release|Any CPU
	EndGlobalSection
	GlobalSection(ProjectConfigurationPlatforms) = postSolution
		{578E6796-E556-47E7-B792-6127132C45F2}.Debug|Any CPU.ActiveCfg = Debug|Any CPU
		{578E6796-E556-47E7-B792-6127132C45F2}.Debug|Any CPU.Build.0 = Debug|Any CPU
		{578E6796-E556-47E7-B792-6127132C45F2}.Release|Any CPU.ActiveCfg = Release|Any CPU
		{578E6796-E556-47E7-B792-6127132C45F2}.Release|Any CPU.Build.0 = Release|Any CPU
	EndGlobalSection
	GlobalSection(SolutionProperties) = preSolution
		HideSolutionNode = FALSE
	EndGlobalSection
	GlobalSection(ExtensibilityGlobals) = postSolution
		SolutionGuid = {1D7AC7EB-0950-44B3-ADE7-6C996E0BA601}
	EndGlobalSection
EndGlobal
